
Microsoft Visual Studio Solution File, Format Version 12.00
# Visual Studio Version 16
VisualStudioVersion = 16.0.29709.97
MinimumVisualStudioVersion = 10.0.40219.1
Project("{9A19103F-16F7-4668-BE54-9A1E7A4F7556}") = "Internship.API", "Internship.API\Internship.API.csproj", "{42FE0B50-75FF-4E30-8048-9A4769A30206}"
EndProject
Project("{9A19103F-16F7-4668-BE54-9A1E7A4F7556}") = "Internship.API.Tests", "Internship.API.Tests\Internship.API.Tests.csproj", "{1B6C1C50-06D3-436E-B715-563494FD7E65}"
EndProject
Project("{2150E333-8FDC-42A3-9474-1A3956D46DE8}") = "Solution Items", "Solution Items", "{3F65A6EA-65A7-4EA0-8B09-DA061BAE6790}"
	ProjectSection(SolutionItems) = preProject
		.editorconfig = .editorconfig
	EndProjectSection
EndProject
Global
	GlobalSection(SolutionConfigurationPlatforms) = preSolution
		Debug|Any CPU = Debug|Any CPU
		Release|Any CPU = Release|Any CPU
	EndGlobalSection
	GlobalSection(ProjectConfigurationPlatforms) = postSolution
		{42FE0B50-75FF-4E30-8048-9A4769A30206}.Debug|Any CPU.ActiveCfg = Debug|Any CPU
		{42FE0B50-75FF-4E30-8048-9A4769A30206}.Debug|Any CPU.Build.0 = Debug|Any CPU
		{42FE0B50-75FF-4E30-8048-9A4769A30206}.Release|Any CPU.ActiveCfg = Release|Any CPU
		{42FE0B50-75FF-4E30-8048-9A4769A30206}.Release|Any CPU.Build.0 = Release|Any CPU
		{1B6C1C50-06D3-436E-B715-563494FD7E65}.Debug|Any CPU.ActiveCfg = Debug|Any CPU
		{1B6C1C50-06D3-436E-B715-563494FD7E65}.Debug|Any CPU.Build.0 = Debug|Any CPU
		{1B6C1C50-06D3-436E-B715-563494FD7E65}.Release|Any CPU.ActiveCfg = Release|Any CPU
		{1B6C1C50-06D3-436E-B715-563494FD7E65}.Release|Any CPU.Build.0 = Release|Any CPU
	EndGlobalSection
	GlobalSection(SolutionProperties) = preSolution
		HideSolutionNode = FALSE
	EndGlobalSection
	GlobalSection(ExtensibilityGlobals) = postSolution
		SolutionGuid = {1DC9E0BD-F844-4562-9B13-D5E8AEBE9CFE}
	EndGlobalSection
EndGlobal
